// !$*UTF8*$!
{
	archiveVersion = 1;
	classes = {
	};
	objectVersion = 56;
	objects = {

/* Begin PBXBuildFile section */
		01CED0C02934DE880049A834 /* TouchdownApp.swift in Sources */ = {isa = PBXBuildFile; fileRef = 01CED0BF2934DE880049A834 /* TouchdownApp.swift */; };
		01CED0C22934DE880049A834 /* ContentView.swift in Sources */ = {isa = PBXBuildFile; fileRef = 01CED0C12934DE880049A834 /* ContentView.swift */; };
		01CED0C42934DE890049A834 /* Assets.xcassets in Resources */ = {isa = PBXBuildFile; fileRef = 01CED0C32934DE890049A834 /* Assets.xcassets */; };
		01CED0C72934DE890049A834 /* Preview Assets.xcassets in Resources */ = {isa = PBXBuildFile; fileRef = 01CED0C62934DE890049A834 /* Preview Assets.xcassets */; };
		01CED0D12934DF0D0049A834 /* product.json in Resources */ = {isa = PBXBuildFile; fileRef = 01CED0CD2934DF0D0049A834 /* product.json */; };
		01CED0D22934DF0D0049A834 /* brand.json in Resources */ = {isa = PBXBuildFile; fileRef = 01CED0CE2934DF0D0049A834 /* brand.json */; };
		01CED0D32934DF0D0049A834 /* player.json in Resources */ = {isa = PBXBuildFile; fileRef = 01CED0CF2934DF0D0049A834 /* player.json */; };
		01CED0D42934DF0D0049A834 /* category.json in Resources */ = {isa = PBXBuildFile; fileRef = 01CED0D02934DF0D0049A834 /* category.json */; };
		01CED0DF2934E0230049A834 /* Constant.swift in Sources */ = {isa = PBXBuildFile; fileRef = 01CED0DE2934E0230049A834 /* Constant.swift */; };
		01CED0E12934E0980049A834 /* FooterView.swift in Sources */ = {isa = PBXBuildFile; fileRef = 01CED0E02934E0980049A834 /* FooterView.swift */; };
		01CED0E32934E3580049A834 /* NavigationBarView.swift in Sources */ = {isa = PBXBuildFile; fileRef = 01CED0E22934E3580049A834 /* NavigationBarView.swift */; };
		01CED0E52934E45D0049A834 /* LogoView.swift in Sources */ = {isa = PBXBuildFile; fileRef = 01CED0E42934E45D0049A834 /* LogoView.swift */; };
		01CED0E72934F20D0049A834 /* PlayerModel.swift in Sources */ = {isa = PBXBuildFile; fileRef = 01CED0E62934F20D0049A834 /* PlayerModel.swift */; };
		01CED0E92934F2390049A834 /* CodableBundleExtension.swift in Sources */ = {isa = PBXBuildFile; fileRef = 01CED0E82934F2390049A834 /* CodableBundleExtension.swift */; };
		01CED0EB2934F3600049A834 /* FeaturedItemView.swift in Sources */ = {isa = PBXBuildFile; fileRef = 01CED0EA2934F3600049A834 /* FeaturedItemView.swift */; };
		01CED0ED2934F3CD0049A834 /* FeaturedTabView.swift in Sources */ = {isa = PBXBuildFile; fileRef = 01CED0EC2934F3CD0049A834 /* FeaturedTabView.swift */; };
		01CED0EF2934F5CF0049A834 /* CategoryModel.swift in Sources */ = {isa = PBXBuildFile; fileRef = 01CED0EE2934F5CF0049A834 /* CategoryModel.swift */; };
		01CED0F12934F6770049A834 /* CategoryItemView.swift in Sources */ = {isa = PBXBuildFile; fileRef = 01CED0F02934F6770049A834 /* CategoryItemView.swift */; };
		01CED0F32934F7CB0049A834 /* CategoryGridView.swift in Sources */ = {isa = PBXBuildFile; fileRef = 01CED0F22934F7CB0049A834 /* CategoryGridView.swift */; };
		01CED0F52934F9BE0049A834 /* SectionView.swift in Sources */ = {isa = PBXBuildFile; fileRef = 01CED0F42934F9BE0049A834 /* SectionView.swift */; };
		01CED0F729351DD70049A834 /* TitleView.swift in Sources */ = {isa = PBXBuildFile; fileRef = 01CED0F629351DD70049A834 /* TitleView.swift */; };
		01CED0F929351EE40049A834 /* ProductModel.swift in Sources */ = {isa = PBXBuildFile; fileRef = 01CED0F829351EE40049A834 /* ProductModel.swift */; };
		01CED0FB29351F860049A834 /* ProductItemView.swift in Sources */ = {isa = PBXBuildFile; fileRef = 01CED0FA29351F860049A834 /* ProductItemView.swift */; };
		01CED0FD293524770049A834 /* BrandModel.swift in Sources */ = {isa = PBXBuildFile; fileRef = 01CED0FC293524770049A834 /* BrandModel.swift */; };
		01CED0FF293525430049A834 /* BrandItemView.swift in Sources */ = {isa = PBXBuildFile; fileRef = 01CED0FE293525430049A834 /* BrandItemView.swift */; };
		01CED101293526260049A834 /* BrandGridView.swift in Sources */ = {isa = PBXBuildFile; fileRef = 01CED100293526260049A834 /* BrandGridView.swift */; };
		01CED103293531010049A834 /* ProductDetailView.swift in Sources */ = {isa = PBXBuildFile; fileRef = 01CED102293531010049A834 /* ProductDetailView.swift */; };
		01CED105293532240049A834 /* NavigationBarDetailView.swift in Sources */ = {isa = PBXBuildFile; fileRef = 01CED104293532240049A834 /* NavigationBarDetailView.swift */; };
		01CED1072935333D0049A834 /* HeaderDetailView.swift in Sources */ = {isa = PBXBuildFile; fileRef = 01CED1062935333D0049A834 /* HeaderDetailView.swift */; };
		01CED109293533AE0049A834 /* TopPartDetailView.swift in Sources */ = {isa = PBXBuildFile; fileRef = 01CED108293533AE0049A834 /* TopPartDetailView.swift */; };
		01CED10B293537A40049A834 /* CustomShape.swift in Sources */ = {isa = PBXBuildFile; fileRef = 01CED10A293537A40049A834 /* CustomShape.swift */; };
		01CED10D293538E70049A834 /* RatingSizesDetailView.swift in Sources */ = {isa = PBXBuildFile; fileRef = 01CED10C293538E70049A834 /* RatingSizesDetailView.swift */; };
		01CED10F29353B790049A834 /* QuantityFavouriteDeteilView.swift in Sources */ = {isa = PBXBuildFile; fileRef = 01CED10E29353B790049A834 /* QuantityFavouriteDeteilView.swift */; };
		01CED11129353CB00049A834 /* AddtoCartDetailView.swift in Sources */ = {isa = PBXBuildFile; fileRef = 01CED11029353CB00049A834 /* AddtoCartDetailView.swift */; };
		01CED113293544B10049A834 /* Shop.swift in Sources */ = {isa = PBXBuildFile; fileRef = 01CED112293544B10049A834 /* Shop.swift */; };
/* End PBXBuildFile section */

/* Begin PBXFileReference section */
		01CED0BC2934DE880049A834 /* Touchdown.app */ = {isa = PBXFileReference; explicitFileType = wrapper.application; includeInIndex = 0; path = Touchdown.app; sourceTree = BUILT_PRODUCTS_DIR; };
		01CED0BF2934DE880049A834 /* TouchdownApp.swift */ = {isa = PBXFileReference; lastKnownFileType = sourcecode.swift; path = TouchdownApp.swift; sourceTree = "<group>"; };
		01CED0C12934DE880049A834 /* ContentView.swift */ = {isa = PBXFileReference; lastKnownFileType = sourcecode.swift; path = ContentView.swift; sourceTree = "<group>"; };
		01CED0C32934DE890049A834 /* Assets.xcassets */ = {isa = PBXFileReference; lastKnownFileType = folder.assetcatalog; path = Assets.xcassets; sourceTree = "<group>"; };
		01CED0C62934DE890049A834 /* Preview Assets.xcassets */ = {isa = PBXFileReference; lastKnownFileType = folder.assetcatalog; path = "Preview Assets.xcassets"; sourceTree = "<group>"; };
		01CED0CD2934DF0D0049A834 /* product.json */ = {isa = PBXFileReference; fileEncoding = 4; lastKnownFileType = text.json; path = product.json; sourceTree = "<group>"; };
		01CED0CE2934DF0D0049A834 /* brand.json */ = {isa = PBXFileReference; fileEncoding = 4; lastKnownFileType = text.json; path = brand.json; sourceTree = "<group>"; };
		01CED0CF2934DF0D0049A834 /* player.json */ = {isa = PBXFileReference; fileEncoding = 4; lastKnownFileType = text.json; path = player.json; sourceTree = "<group>"; };
		01CED0D02934DF0D0049A834 /* category.json */ = {isa = PBXFileReference; fileEncoding = 4; lastKnownFileType = text.json; path = category.json; sourceTree = "<group>"; };
		01CED0D62934DF6C0049A834 /* Info.plist */ = {isa = PBXFileReference; lastKnownFileType = text.plist; path = Info.plist; sourceTree = "<group>"; };
		01CED0DE2934E0230049A834 /* Constant.swift */ = {isa = PBXFileReference; lastKnownFileType = sourcecode.swift; path = Constant.swift; sourceTree = "<group>"; };
		01CED0E02934E0980049A834 /* FooterView.swift */ = {isa = PBXFileReference; lastKnownFileType = sourcecode.swift; path = FooterView.swift; sourceTree = "<group>"; };
		01CED0E22934E3580049A834 /* NavigationBarView.swift */ = {isa = PBXFileReference; lastKnownFileType = sourcecode.swift; path = NavigationBarView.swift; sourceTree = "<group>"; };
		01CED0E42934E45D0049A834 /* LogoView.swift */ = {isa = PBXFileReference; lastKnownFileType = sourcecode.swift; path = LogoView.swift; sourceTree = "<group>"; };
		01CED0E62934F20D0049A834 /* PlayerModel.swift */ = {isa = PBXFileReference; lastKnownFileType = sourcecode.swift; path = PlayerModel.swift; sourceTree = "<group>"; };
		01CED0E82934F2390049A834 /* CodableBundleExtension.swift */ = {isa = PBXFileReference; lastKnownFileType = sourcecode.swift; path = CodableBundleExtension.swift; sourceTree = "<group>"; };
		01CED0EA2934F3600049A834 /* FeaturedItemView.swift */ = {isa = PBXFileReference; lastKnownFileType = sourcecode.swift; path = FeaturedItemView.swift; sourceTree = "<group>"; };
		01CED0EC2934F3CD0049A834 /* FeaturedTabView.swift */ = {isa = PBXFileReference; lastKnownFileType = sourcecode.swift; path = FeaturedTabView.swift; sourceTree = "<group>"; };
		01CED0EE2934F5CF0049A834 /* CategoryModel.swift */ = {isa = PBXFileReference; lastKnownFileType = sourcecode.swift; path = CategoryModel.swift; sourceTree = "<group>"; };
		01CED0F02934F6770049A834 /* CategoryItemView.swift */ = {isa = PBXFileReference; lastKnownFileType = sourcecode.swift; path = CategoryItemView.swift; sourceTree = "<group>"; };
		01CED0F22934F7CB0049A834 /* CategoryGridView.swift */ = {isa = PBXFileReference; lastKnownFileType = sourcecode.swift; path = CategoryGridView.swift; sourceTree = "<group>"; };
		01CED0F42934F9BE0049A834 /* SectionView.swift */ = {isa = PBXFileReference; lastKnownFileType = sourcecode.swift; path = SectionView.swift; sourceTree = "<group>"; };
		01CED0F629351DD70049A834 /* TitleView.swift */ = {isa = PBXFileReference; lastKnownFileType = sourcecode.swift; path = TitleView.swift; sourceTree = "<group>"; };
		01CED0F829351EE40049A834 /* ProductModel.swift */ = {isa = PBXFileReference; lastKnownFileType = sourcecode.swift; path = ProductModel.swift; sourceTree = "<group>"; };
		01CED0FA29351F860049A834 /* ProductItemView.swift */ = {isa = PBXFileReference; lastKnownFileType = sourcecode.swift; path = ProductItemView.swift; sourceTree = "<group>"; };
		01CED0FC293524770049A834 /* BrandModel.swift */ = {isa = PBXFileReference; lastKnownFileType = sourcecode.swift; path = BrandModel.swift; sourceTree = "<group>"; };
		01CED0FE293525430049A834 /* BrandItemView.swift */ = {isa = PBXFileReference; lastKnownFileType = sourcecode.swift; path = BrandItemView.swift; sourceTree = "<group>"; };
		01CED100293526260049A834 /* BrandGridView.swift */ = {isa = PBXFileReference; lastKnownFileType = sourcecode.swift; path = BrandGridView.swift; sourceTree = "<group>"; };
		01CED102293531010049A834 /* ProductDetailView.swift */ = {isa = PBXFileReference; lastKnownFileType = sourcecode.swift; path = ProductDetailView.swift; sourceTree = "<group>"; };
		01CED104293532240049A834 /* NavigationBarDetailView.swift */ = {isa = PBXFileReference; lastKnownFileType = sourcecode.swift; path = NavigationBarDetailView.swift; sourceTree = "<group>"; };
		01CED1062935333D0049A834 /* HeaderDetailView.swift */ = {isa = PBXFileReference; lastKnownFileType = sourcecode.swift; path = HeaderDetailView.swift; sourceTree = "<group>"; };
		01CED108293533AE0049A834 /* TopPartDetailView.swift */ = {isa = PBXFileReference; lastKnownFileType = sourcecode.swift; path = TopPartDetailView.swift; sourceTree = "<group>"; };
		01CED10A293537A40049A834 /* CustomShape.swift */ = {isa = PBXFileReference; lastKnownFileType = sourcecode.swift; path = CustomShape.swift; sourceTree = "<group>"; };
		01CED10C293538E70049A834 /* RatingSizesDetailView.swift */ = {isa = PBXFileReference; lastKnownFileType = sourcecode.swift; path = RatingSizesDetailView.swift; sourceTree = "<group>"; };
		01CED10E29353B790049A834 /* QuantityFavouriteDeteilView.swift */ = {isa = PBXFileReference; lastKnownFileType = sourcecode.swift; path = QuantityFavouriteDeteilView.swift; sourceTree = "<group>"; };
		01CED11029353CB00049A834 /* AddtoCartDetailView.swift */ = {isa = PBXFileReference; lastKnownFileType = sourcecode.swift; path = AddtoCartDetailView.swift; sourceTree = "<group>"; };
		01CED112293544B10049A834 /* Shop.swift */ = {isa = PBXFileReference; lastKnownFileType = sourcecode.swift; path = Shop.swift; sourceTree = "<group>"; };
/* End PBXFileReference section */

/* Begin PBXFrameworksBuildPhase section */
		01CED0B92934DE880049A834 /* Frameworks */ = {
			isa = PBXFrameworksBuildPhase;
			buildActionMask = 2147483647;
			files = (
			);
			runOnlyForDeploymentPostprocessing = 0;
		};
/* End PBXFrameworksBuildPhase section */

/* Begin PBXGroup section */
		01CED0B32934DE880049A834 = {
			isa = PBXGroup;
			children = (
				01CED0BE2934DE880049A834 /* Touchdown */,
				01CED0BD2934DE880049A834 /* Products */,
			);
			sourceTree = "<group>";
		};
		01CED0BD2934DE880049A834 /* Products */ = {
			isa = PBXGroup;
			children = (
				01CED0BC2934DE880049A834 /* Touchdown.app */,
			);
			name = Products;
			sourceTree = "<group>";
		};
		01CED0BE2934DE880049A834 /* Touchdown */ = {
			isa = PBXGroup;
			children = (
				01CED0DD2934E0100049A834 /* Utility */,
				01CED0DC2934DFFD0049A834 /* Extension */,
				01CED0DB2934DFF20049A834 /* Model */,
				01CED0D82934DFC00049A834 /* View */,
				01CED0D62934DF6C0049A834 /* Info.plist */,
				01CED0D52934DF1D0049A834 /* Data */,
				01CED0D72934DFBB0049A834 /* App */,
				01CED0C32934DE890049A834 /* Assets.xcassets */,
				01CED0C52934DE890049A834 /* Preview Content */,
			);
			path = Touchdown;
			sourceTree = "<group>";
		};
		01CED0C52934DE890049A834 /* Preview Content */ = {
			isa = PBXGroup;
			children = (
				01CED0C62934DE890049A834 /* Preview Assets.xcassets */,
			);
			path = "Preview Content";
			sourceTree = "<group>";
		};
		01CED0D52934DF1D0049A834 /* Data */ = {
			isa = PBXGroup;
			children = (
				01CED0CE2934DF0D0049A834 /* brand.json */,
				01CED0D02934DF0D0049A834 /* category.json */,
				01CED0CF2934DF0D0049A834 /* player.json */,
				01CED0CD2934DF0D0049A834 /* product.json */,
			);
			path = Data;
			sourceTree = "<group>";
		};
		01CED0D72934DFBB0049A834 /* App */ = {
			isa = PBXGroup;
			children = (
				01CED0BF2934DE880049A834 /* TouchdownApp.swift */,
				01CED0C12934DE880049A834 /* ContentView.swift */,
				01CED102293531010049A834 /* ProductDetailView.swift */,
			);
			path = App;
			sourceTree = "<group>";
		};
		01CED0D82934DFC00049A834 /* View */ = {
			isa = PBXGroup;
			children = (
				01CED0DA2934DFE80049A834 /* Detail */,
				01CED0D92934DFCB0049A834 /* Home */,
			);
			path = View;
			sourceTree = "<group>";
		};
		01CED0D92934DFCB0049A834 /* Home */ = {
			isa = PBXGroup;
			children = (
				01CED0E02934E0980049A834 /* FooterView.swift */,
				01CED0E22934E3580049A834 /* NavigationBarView.swift */,
				01CED0E42934E45D0049A834 /* LogoView.swift */,
				01CED0EA2934F3600049A834 /* FeaturedItemView.swift */,
				01CED0EC2934F3CD0049A834 /* FeaturedTabView.swift */,
				01CED0F02934F6770049A834 /* CategoryItemView.swift */,
				01CED0F22934F7CB0049A834 /* CategoryGridView.swift */,
				01CED0F42934F9BE0049A834 /* SectionView.swift */,
				01CED0F629351DD70049A834 /* TitleView.swift */,
				01CED0FA29351F860049A834 /* ProductItemView.swift */,
				01CED0FE293525430049A834 /* BrandItemView.swift */,
				01CED100293526260049A834 /* BrandGridView.swift */,
			);
			path = Home;
			sourceTree = "<group>";
		};
		01CED0DA2934DFE80049A834 /* Detail */ = {
			isa = PBXGroup;
			children = (
				01CED104293532240049A834 /* NavigationBarDetailView.swift */,
				01CED1062935333D0049A834 /* HeaderDetailView.swift */,
				01CED108293533AE0049A834 /* TopPartDetailView.swift */,
				01CED10C293538E70049A834 /* RatingSizesDetailView.swift */,
				01CED10E29353B790049A834 /* QuantityFavouriteDeteilView.swift */,
				01CED11029353CB00049A834 /* AddtoCartDetailView.swift */,
			);
			path = Detail;
			sourceTree = "<group>";
		};
		01CED0DB2934DFF20049A834 /* Model */ = {
			isa = PBXGroup;
			children = (
				01CED0E62934F20D0049A834 /* PlayerModel.swift */,
				01CED0EE2934F5CF0049A834 /* CategoryModel.swift */,
				01CED0F829351EE40049A834 /* ProductModel.swift */,
				01CED0FC293524770049A834 /* BrandModel.swift */,
			);
			path = Model;
			sourceTree = "<group>";
		};
		01CED0DC2934DFFD0049A834 /* Extension */ = {
			isa = PBXGroup;
			children = (
				01CED0E82934F2390049A834 /* CodableBundleExtension.swift */,
			);
			path = Extension;
			sourceTree = "<group>";
		};
		01CED0DD2934E0100049A834 /* Utility */ = {
			isa = PBXGroup;
			children = (
				01CED0DE2934E0230049A834 /* Constant.swift */,
				01CED10A293537A40049A834 /* CustomShape.swift */,
				01CED112293544B10049A834 /* Shop.swift */,
			);
			path = Utility;
			sourceTree = "<group>";
		};
/* End PBXGroup section */

/* Begin PBXNativeTarget section */
		01CED0BB2934DE880049A834 /* Touchdown */ = {
			isa = PBXNativeTarget;
			buildConfigurationList = 01CED0CA2934DE890049A834 /* Build configuration list for PBXNativeTarget "Touchdown" */;
			buildPhases = (
				01CED0B82934DE880049A834 /* Sources */,
				01CED0B92934DE880049A834 /* Frameworks */,
				01CED0BA2934DE880049A834 /* Resources */,
			);
			buildRules = (
			);
			dependencies = (
			);
			name = Touchdown;
			productName = Touchdown;
			productReference = 01CED0BC2934DE880049A834 /* Touchdown.app */;
			productType = "com.apple.product-type.application";
		};
/* End PBXNativeTarget section */

/* Begin PBXProject section */
		01CED0B42934DE880049A834 /* Project object */ = {
			isa = PBXProject;
			attributes = {
				BuildIndependentTargetsInParallel = 1;
				LastSwiftUpdateCheck = 1410;
				LastUpgradeCheck = 1410;
				TargetAttributes = {
					01CED0BB2934DE880049A834 = {
						CreatedOnToolsVersion = 14.1;
					};
				};
			};
			buildConfigurationList = 01CED0B72934DE880049A834 /* Build configuration list for PBXProject "Touchdown" */;
			compatibilityVersion = "Xcode 14.0";
			developmentRegion = en;
			hasScannedForEncodings = 0;
			knownRegions = (
				en,
				Base,
			);
			mainGroup = 01CED0B32934DE880049A834;
			productRefGroup = 01CED0BD2934DE880049A834 /* Products */;
			projectDirPath = "";
			projectRoot = "";
			targets = (
				01CED0BB2934DE880049A834 /* Touchdown */,
			);
		};
/* End PBXProject section */

/* Begin PBXResourcesBuildPhase section */
		01CED0BA2934DE880049A834 /* Resources */ = {
			isa = PBXResourcesBuildPhase;
			buildActionMask = 2147483647;
			files = (
				01CED0D32934DF0D0049A834 /* player.json in Resources */,
				01CED0C72934DE890049A834 /* Preview Assets.xcassets in Resources */,
				01CED0D22934DF0D0049A834 /* brand.json in Resources */,
				01CED0D42934DF0D0049A834 /* category.json in Resources */,
				01CED0C42934DE890049A834 /* Assets.xcassets in Resources */,
				01CED0D12934DF0D0049A834 /* product.json in Resources */,
			);
			runOnlyForDeploymentPostprocessing = 0;
		};
/* End PBXResourcesBuildPhase section */

/* Begin PBXSourcesBuildPhase section */
		01CED0B82934DE880049A834 /* Sources */ = {
			isa = PBXSourcesBuildPhase;
			buildActionMask = 2147483647;
			files = (
				01CED0E92934F2390049A834 /* CodableBundleExtension.swift in Sources */,
				01CED1072935333D0049A834 /* HeaderDetailView.swift in Sources */,
				01CED109293533AE0049A834 /* TopPartDetailView.swift in Sources */,
				01CED0C22934DE880049A834 /* ContentView.swift in Sources */,
				01CED0E52934E45D0049A834 /* LogoView.swift in Sources */,
				01CED0E12934E0980049A834 /* FooterView.swift in Sources */,
				01CED0EB2934F3600049A834 /* FeaturedItemView.swift in Sources */,
				01CED0FB29351F860049A834 /* ProductItemView.swift in Sources */,
				01CED101293526260049A834 /* BrandGridView.swift in Sources */,
				01CED0C02934DE880049A834 /* TouchdownApp.swift in Sources */,
				01CED103293531010049A834 /* ProductDetailView.swift in Sources */,
				01CED105293532240049A834 /* NavigationBarDetailView.swift in Sources */,
				01CED11129353CB00049A834 /* AddtoCartDetailView.swift in Sources */,
				01CED0DF2934E0230049A834 /* Constant.swift in Sources */,
				01CED0F32934F7CB0049A834 /* CategoryGridView.swift in Sources */,
				01CED10F29353B790049A834 /* QuantityFavouriteDeteilView.swift in Sources */,
				01CED0EF2934F5CF0049A834 /* CategoryModel.swift in Sources */,
				01CED0E32934E3580049A834 /* NavigationBarView.swift in Sources */,
				01CED0F52934F9BE0049A834 /* SectionView.swift in Sources */,
				01CED0FF293525430049A834 /* BrandItemView.swift in Sources */,
				01CED0F12934F6770049A834 /* CategoryItemView.swift in Sources */,
				01CED10D293538E70049A834 /* RatingSizesDetailView.swift in Sources */,
				01CED0ED2934F3CD0049A834 /* FeaturedTabView.swift in Sources */,
				01CED10B293537A40049A834 /* CustomShape.swift in Sources */,
				01CED113293544B10049A834 /* Shop.swift in Sources */,
				01CED0E72934F20D0049A834 /* PlayerModel.swift in Sources */,
				01CED0FD293524770049A834 /* BrandModel.swift in Sources */,
				01CED0F729351DD70049A834 /* TitleView.swift in Sources */,
				01CED0F929351EE40049A834 /* ProductModel.swift in Sources */,
			);
			runOnlyForDeploymentPostprocessing = 0;
		};
/* End PBXSourcesBuildPhase section */

/* Begin XCBuildConfiguration section */
		01CED0C82934DE890049A834 /* Debug */ = {
			isa = XCBuildConfiguration;
			buildSettings = {
				ALWAYS_SEARCH_USER_PATHS = NO;
				CLANG_ANALYZER_NONNULL = YES;
				CLANG_ANALYZER_NUMBER_OBJECT_CONVERSION = YES_AGGRESSIVE;
				CLANG_CXX_LANGUAGE_STANDARD = "gnu++20";
				CLANG_ENABLE_MODULES = YES;
				CLANG_ENABLE_OBJC_ARC = YES;
				CLANG_ENABLE_OBJC_WEAK = YES;
				CLANG_WARN_BLOCK_CAPTURE_AUTORELEASING = YES;
				CLANG_WARN_BOOL_CONVERSION = YES;
				CLANG_WARN_COMMA = YES;
				CLANG_WARN_CONSTANT_CONVERSION = YES;
				CLANG_WARN_DEPRECATED_OBJC_IMPLEMENTATIONS = YES;
				CLANG_WARN_DIRECT_OBJC_ISA_USAGE = YES_ERROR;
				CLANG_WARN_DOCUMENTATION_COMMENTS = YES;
				CLANG_WARN_EMPTY_BODY = YES;
				CLANG_WARN_ENUM_CONVERSION = YES;
				CLANG_WARN_INFINITE_RECURSION = YES;
				CLANG_WARN_INT_CONVERSION = YES;
				CLANG_WARN_NON_LITERAL_NULL_CONVERSION = YES;
				CLANG_WARN_OBJC_IMPLICIT_RETAIN_SELF = YES;
				CLANG_WARN_OBJC_LITERAL_CONVERSION = YES;
				CLANG_WARN_OBJC_ROOT_CLASS = YES_ERROR;
				CLANG_WARN_QUOTED_INCLUDE_IN_FRAMEWORK_HEADER = YES;
				CLANG_WARN_RANGE_LOOP_ANALYSIS = YES;
				CLANG_WARN_STRICT_PROTOTYPES = YES;
				CLANG_WARN_SUSPICIOUS_MOVE = YES;
				CLANG_WARN_UNGUARDED_AVAILABILITY = YES_AGGRESSIVE;
				CLANG_WARN_UNREACHABLE_CODE = YES;
				CLANG_WARN__DUPLICATE_METHOD_MATCH = YES;
				COPY_PHASE_STRIP = NO;
				DEBUG_INFORMATION_FORMAT = dwarf;
				ENABLE_STRICT_OBJC_MSGSEND = YES;
				ENABLE_TESTABILITY = YES;
				GCC_C_LANGUAGE_STANDARD = gnu11;
				GCC_DYNAMIC_NO_PIC = NO;
				GCC_NO_COMMON_BLOCKS = YES;
				GCC_OPTIMIZATION_LEVEL = 0;
				GCC_PREPROCESSOR_DEFINITIONS = (
					"DEBUG=1",
					"$(inherited)",
				);
				GCC_WARN_64_TO_32_BIT_CONVERSION = YES;
				GCC_WARN_ABOUT_RETURN_TYPE = YES_ERROR;
				GCC_WARN_UNDECLARED_SELECTOR = YES;
				GCC_WARN_UNINITIALIZED_AUTOS = YES_AGGRESSIVE;
				GCC_WARN_UNUSED_FUNCTION = YES;
				GCC_WARN_UNUSED_VARIABLE = YES;
				IPHONEOS_DEPLOYMENT_TARGET = 16.1;
				MTL_ENABLE_DEBUG_INFO = INCLUDE_SOURCE;
				MTL_FAST_MATH = YES;
				ONLY_ACTIVE_ARCH = YES;
				SDKROOT = iphoneos;
				SWIFT_ACTIVE_COMPILATION_CONDITIONS = DEBUG;
				SWIFT_OPTIMIZATION_LEVEL = "-Onone";
			};
			name = Debug;
		};
		01CED0C92934DE890049A834 /* Release */ = {
			isa = XCBuildConfiguration;
			buildSettings = {
				ALWAYS_SEARCH_USER_PATHS = NO;
				CLANG_ANALYZER_NONNULL = YES;
				CLANG_ANALYZER_NUMBER_OBJECT_CONVERSION = YES_AGGRESSIVE;
				CLANG_CXX_LANGUAGE_STANDARD = "gnu++20";
				CLANG_ENABLE_MODULES = YES;
				CLANG_ENABLE_OBJC_ARC = YES;
				CLANG_ENABLE_OBJC_WEAK = YES;
				CLANG_WARN_BLOCK_CAPTURE_AUTORELEASING = YES;
				CLANG_WARN_BOOL_CONVERSION = YES;
				CLANG_WARN_COMMA = YES;
				CLANG_WARN_CONSTANT_CONVERSION = YES;
				CLANG_WARN_DEPRECATED_OBJC_IMPLEMENTATIONS = YES;
				CLANG_WARN_DIRECT_OBJC_ISA_USAGE = YES_ERROR;
				CLANG_WARN_DOCUMENTATION_COMMENTS = YES;
				CLANG_WARN_EMPTY_BODY = YES;
				CLANG_WARN_ENUM_CONVERSION = YES;
				CLANG_WARN_INFINITE_RECURSION = YES;
				CLANG_WARN_INT_CONVERSION = YES;
				CLANG_WARN_NON_LITERAL_NULL_CONVERSION = YES;
				CLANG_WARN_OBJC_IMPLICIT_RETAIN_SELF = YES;
				CLANG_WARN_OBJC_LITERAL_CONVERSION = YES;
				CLANG_WARN_OBJC_ROOT_CLASS = YES_ERROR;
				CLANG_WARN_QUOTED_INCLUDE_IN_FRAMEWORK_HEADER = YES;
				CLANG_WARN_RANGE_LOOP_ANALYSIS = YES;
				CLANG_WARN_STRICT_PROTOTYPES = YES;
				CLANG_WARN_SUSPICIOUS_MOVE = YES;
				CLANG_WARN_UNGUARDED_AVAILABILITY = YES_AGGRESSIVE;
				CLANG_WARN_UNREACHABLE_CODE = YES;
				CLANG_WARN__DUPLICATE_METHOD_MATCH = YES;
				COPY_PHASE_STRIP = NO;
				DEBUG_INFORMATION_FORMAT = "dwarf-with-dsym";
				ENABLE_NS_ASSERTIONS = NO;
				ENABLE_STRICT_OBJC_MSGSEND = YES;
				GCC_C_LANGUAGE_STANDARD = gnu11;
				GCC_NO_COMMON_BLOCKS = YES;
				GCC_WARN_64_TO_32_BIT_CONVERSION = YES;
				GCC_WARN_ABOUT_RETURN_TYPE = YES_ERROR;
				GCC_WARN_UNDECLARED_SELECTOR = YES;
				GCC_WARN_UNINITIALIZED_AUTOS = YES_AGGRESSIVE;
				GCC_WARN_UNUSED_FUNCTION = YES;
				GCC_WARN_UNUSED_VARIABLE = YES;
				IPHONEOS_DEPLOYMENT_TARGET = 16.1;
				MTL_ENABLE_DEBUG_INFO = NO;
				MTL_FAST_MATH = YES;
				SDKROOT = iphoneos;
				SWIFT_COMPILATION_MODE = wholemodule;
				SWIFT_OPTIMIZATION_LEVEL = "-O";
				VALIDATE_PRODUCT = YES;
			};
			name = Release;
		};
		01CED0CB2934DE890049A834 /* Debug */ = {
			isa = XCBuildConfiguration;
			buildSettings = {
				ASSETCATALOG_COMPILER_APPICON_NAME = AppIcon;
				ASSETCATALOG_COMPILER_GLOBAL_ACCENT_COLOR_NAME = AccentColor;
				CODE_SIGN_STYLE = Automatic;
				CURRENT_PROJECT_VERSION = 1;
				DEVELOPMENT_ASSET_PATHS = "\"Touchdown/Preview Content\"";
				DEVELOPMENT_TEAM = VG7V6PNA57;
				ENABLE_PREVIEWS = YES;
				GENERATE_INFOPLIST_FILE = YES;
				INFOPLIST_FILE = Touchdown/Info.plist;
				INFOPLIST_KEY_UIApplicationSceneManifest_Generation = YES;
				INFOPLIST_KEY_UIApplicationSupportsIndirectInputEvents = YES;
				INFOPLIST_KEY_UISupportedInterfaceOrientations = UIInterfaceOrientationPortrait;
				INFOPLIST_KEY_UISupportedInterfaceOrientations_iPad = "UIInterfaceOrientationLandscapeLeft UIInterfaceOrientationLandscapeRight UIInterfaceOrientationPortrait UIInterfaceOrientationPortraitUpsideDown";
				INFOPLIST_KEY_UIUserInterfaceStyle = Light;
				LD_RUNPATH_SEARCH_PATHS = (
					"$(inherited)",
					"@executable_path/Frameworks",
				);
				MARKETING_VERSION = 1.0;
				PRODUCT_BUNDLE_IDENTIFIER = com.bertughoroz.Touchdown;
				PRODUCT_NAME = "$(TARGET_NAME)";
				SWIFT_EMIT_LOC_STRINGS = YES;
				SWIFT_VERSION = 5.0;
				TARGETED_DEVICE_FAMILY = "1,2";
			};
			name = Debug;
		};
		01CED0CC2934DE890049A834 /* Release */ = {
			isa = XCBuildConfiguration;
			buildSettings = {
				ASSETCATALOG_COMPILER_APPICON_NAME = AppIcon;
				ASSETCATALOG_COMPILER_GLOBAL_ACCENT_COLOR_NAME = AccentColor;
				CODE_SIGN_STYLE = Automatic;
				CURRENT_PROJECT_VERSION = 1;
				DEVELOPMENT_ASSET_PATHS = "\"Touchdown/Preview Content\"";
				DEVELOPMENT_TEAM = VG7V6PNA57;
				ENABLE_PREVIEWS = YES;
				GENERATE_INFOPLIST_FILE = YES;
				INFOPLIST_FILE = Touchdown/Info.plist;
				INFOPLIST_KEY_UIApplicationSceneManifest_Generation = YES;
				INFOPLIST_KEY_UIApplicationSupportsIndirectInputEvents = YES;
				INFOPLIST_KEY_UISupportedInterfaceOrientations = UIInterfaceOrientationPortrait;
				INFOPLIST_KEY_UISupportedInterfaceOrientations_iPad = "UIInterfaceOrientationLandscapeLeft UIInterfaceOrientationLandscapeRight UIInterfaceOrientationPortrait UIInterfaceOrientationPortraitUpsideDown";
				INFOPLIST_KEY_UIUserInterfaceStyle = Light;
				LD_RUNPATH_SEARCH_PATHS = (
					"$(inherited)",
					"@executable_path/Frameworks",
				);
				MARKETING_VERSION = 1.0;
				PRODUCT_BUNDLE_IDENTIFIER = com.bertughoroz.Touchdown;
				PRODUCT_NAME = "$(TARGET_NAME)";
				SWIFT_EMIT_LOC_STRINGS = YES;
				SWIFT_VERSION = 5.0;
				TARGETED_DEVICE_FAMILY = "1,2";
			};
			name = Release;
		};
/* End XCBuildConfiguration section */

/* Begin XCConfigurationList section */
		01CED0B72934DE880049A834 /* Build configuration list for PBXProject "Touchdown" */ = {
			isa = XCConfigurationList;
			buildConfigurations = (
				01CED0C82934DE890049A834 /* Debug */,
				01CED0C92934DE890049A834 /* Release */,
			);
			defaultConfigurationIsVisible = 0;
			defaultConfigurationName = Release;
		};
		01CED0CA2934DE890049A834 /* Build configuration list for PBXNativeTarget "Touchdown" */ = {
			isa = XCConfigurationList;
			buildConfigurations = (
				01CED0CB2934DE890049A834 /* Debug */,
				01CED0CC2934DE890049A834 /* Release */,
			);
			defaultConfigurationIsVisible = 0;
			defaultConfigurationName = Release;
		};
/* End XCConfigurationList section */
	};
	rootObject = 01CED0B42934DE880049A834 /* Project object */;
}
